
Microsoft Visual Studio Solution File, Format Version 12.00
# Visual Studio Version 17
VisualStudioVersion = 17.3.32901.215
MinimumVisualStudioVersion = 10.0.40219.1
Project("{FAE04EC0-301F-11D3-BF4B-00C04F79EFBC}") = "W24_TP_Forum_2210075", "W24_TP_Forum_2210075\W24_TP_Forum_2210075.csproj", "{861611C3-F849-46C1-9D2D-14C2575090A9}"
EndProject
Global
	GlobalSection(SolutionConfigurationPlatforms) = preSolution
		Debug|Any CPU = Debug|Any CPU
		Release|Any CPU = Release|Any CPU
	EndGlobalSection
	GlobalSection(ProjectConfigurationPlatforms) = postSolution
		{861611C3-F849-46C1-9D2D-14C2575090A9}.Debug|Any CPU.ActiveCfg = Debug|Any CPU
		{861611C3-F849-46C1-9D2D-14C2575090A9}.Debug|Any CPU.Build.0 = Debug|Any CPU
		{861611C3-F849-46C1-9D2D-14C2575090A9}.Release|Any CPU.ActiveCfg = Release|Any CPU
		{861611C3-F849-46C1-9D2D-14C2575090A9}.Release|Any CPU.Build.0 = Release|Any CPU
	EndGlobalSection
	GlobalSection(SolutionProperties) = preSolution
		HideSolutionNode = FALSE
	EndGlobalSection
	GlobalSection(ExtensibilityGlobals) = postSolution
		SolutionGuid = {C43842BD-5F39-4278-9403-6C77478EC8A6}
	EndGlobalSection
EndGlobal
